
Microsoft Visual Studio Solution File, Format Version 12.00
# Visual Studio Version 17
VisualStudioVersion = 17.8.34511.84
MinimumVisualStudioVersion = 10.0.40219.1
Project("{FAE04EC0-301F-11D3-BF4B-00C04F79EFBC}") = "WpfExpander", "WpfExpander\WpfExpander.csproj", "{37B742A3-67D8-4612-B1A7-E86E057C993D}"
EndProject
Global
	GlobalSection(SolutionConfigurationPlatforms) = preSolution
		Debug|Any CPU = Debug|Any CPU
		Release|Any CPU = Release|Any CPU
	EndGlobalSection
	GlobalSection(ProjectConfigurationPlatforms) = postSolution
		{37B742A3-67D8-4612-B1A7-E86E057C993D}.Debug|Any CPU.ActiveCfg = Debug|Any CPU
		{37B742A3-67D8-4612-B1A7-E86E057C993D}.Debug|Any CPU.Build.0 = Debug|Any CPU
		{37B742A3-67D8-4612-B1A7-E86E057C993D}.Release|Any CPU.ActiveCfg = Release|Any CPU
		{37B742A3-67D8-4612-B1A7-E86E057C993D}.Release|Any CPU.Build.0 = Release|Any CPU
	EndGlobalSection
	GlobalSection(SolutionProperties) = preSolution
		HideSolutionNode = FALSE
	EndGlobalSection
	GlobalSection(ExtensibilityGlobals) = postSolution
		SolutionGuid = {63C1BBAE-75BC-423E-B4F2-5FA52BA91EB1}
	EndGlobalSection
EndGlobal
